// !$*UTF8*$!
{
	archiveVersion = 1;
	classes = {
	};
	objectVersion = 56;
	objects = {

/* Begin PBXBuildFile section */
		2BFF52EF2AB85FF500B8267D /* my_first_compilation.c in Sources */ = {isa = PBXBuildFile; fileRef = 2BFF52EE2AB85FF500B8267D /* my_first_compilation.c */; };
		2BFF52F32AB8602B00B8267D /* my_first_variable_integer.c in Sources */ = {isa = PBXBuildFile; fileRef = 2BFF52F22AB8602B00B8267D /* my_first_variable_integer.c */; };
		2BFF52F62AB8606B00B8267D /* my_first_variable_char.c in Sources */ = {isa = PBXBuildFile; fileRef = 2BFF52F52AB8606B00B8267D /* my_first_variable_char.c */; };
		2BFF52F92AB862A500B8267D /* my_first_variable_string.c in Sources */ = {isa = PBXBuildFile; fileRef = 2BFF52F82AB862A500B8267D /* my_first_variable_string.c */; };
		2BFF52FD2AB863F300B8267D /* my_multiple_variables_multiple_type.c in Sources */ = {isa = PBXBuildFile; fileRef = 2BFF52FC2AB863F300B8267D /* my_multiple_variables_multiple_type.c */; };
		2BFF53012AB8646400B8267D /* my_first_incrementation.c in Sources */ = {isa = PBXBuildFile; fileRef = 2BFF53002AB8646400B8267D /* my_first_incrementation.c */; };
		2BFF53042AB8653A00B8267D /* my_first_if_else.c in Sources */ = {isa = PBXBuildFile; fileRef = 2BFF53032AB8653A00B8267D /* my_first_if_else.c */; };
		2BFF53152AB8A07A00B8267D /* my_first_if_multiple_conditions.c in Sources */ = {isa = PBXBuildFile; fileRef = 2BFF53142AB8A07A00B8267D /* my_first_if_multiple_conditions.c */; };
		2BFF53192AB9C01C00B8267D /* my_first_function.c in Sources */ = {isa = PBXBuildFile; fileRef = 2BFF53182AB9C01C00B8267D /* my_first_function.c */; };
		2BFF531C2AB9C13800B8267D /* my_first_while.c in Sources */ = {isa = PBXBuildFile; fileRef = 2BFF531B2AB9C13800B8267D /* my_first_while.c */; };
		2BFF531F2AB9C1F700B8267D /* my_first_param_function.c in Sources */ = {isa = PBXBuildFile; fileRef = 2BFF531E2AB9C1F700B8267D /* my_first_param_function.c */; };
		2BFF53222AB9C81500B8267D /* my_first_return_function.c in Sources */ = {isa = PBXBuildFile; fileRef = 2BFF53212AB9C81500B8267D /* my_first_return_function.c */; };
		2BFF53252AB9D32100B8267D /* my_is_negative.c in Sources */ = {isa = PBXBuildFile; fileRef = 2BFF53242AB9D32100B8267D /* my_is_negative.c */; };
		2BFF53282AB9D84D00B8267D /* my_abs.c in Sources */ = {isa = PBXBuildFile; fileRef = 2BFF53272AB9D84D00B8267D /* my_abs.c */; };
		2BFF532B2AB9E3B100B8267D /* my_isalpha.c in Sources */ = {isa = PBXBuildFile; fileRef = 2BFF532A2AB9E3B100B8267D /* my_isalpha.c */; };
		2BFF532E2AB9E62B00B8267D /* my_isdigit.c in Sources */ = {isa = PBXBuildFile; fileRef = 2BFF532D2AB9E62B00B8267D /* my_isdigit.c */; };
		2BFF53312AB9E79000B8267D /* my_islower.c in Sources */ = {isa = PBXBuildFile; fileRef = 2BFF53302AB9E79000B8267D /* my_islower.c */; };
		2BFF53342AB9E89100B8267D /* my_isupper.c in Sources */ = {isa = PBXBuildFile; fileRef = 2BFF53332AB9E89100B8267D /* my_isupper.c */; };
		2BFF53372AB9E90E00B8267D /* my_isspace.c in Sources */ = {isa = PBXBuildFile; fileRef = 2BFF53362AB9E90E00B8267D /* my_isspace.c */; };
		2BFF533A2AB9EA0400B8267D /* my_print_alphabet.c in Sources */ = {isa = PBXBuildFile; fileRef = 2BFF53392AB9EA0400B8267D /* my_print_alphabet.c */; };
		2BFF533D2AB9EAF300B8267D /* my_print_reverse_alphabet.c in Sources */ = {isa = PBXBuildFile; fileRef = 2BFF533C2AB9EAF300B8267D /* my_print_reverse_alphabet.c */; };
/* End PBXBuildFile section */

/* Begin PBXCopyFilesBuildPhase section */
		2BFF52E22AB85F8000B8267D /* CopyFiles */ = {
			isa = PBXCopyFilesBuildPhase;
			buildActionMask = 2147483647;
			dstPath = /usr/share/man/man1/;
			dstSubfolderSpec = 0;
			files = (
			);
			runOnlyForDeploymentPostprocessing = 1;
		};
/* End PBXCopyFilesBuildPhase section */

/* Begin PBXFileReference section */
		2BFF52E42AB85F8000B8267D /* Quest01 */ = {isa = PBXFileReference; explicitFileType = "compiled.mach-o.executable"; includeInIndex = 0; path = Quest01; sourceTree = BUILT_PRODUCTS_DIR; };
		2BFF52EE2AB85FF500B8267D /* my_first_compilation.c */ = {isa = PBXFileReference; lastKnownFileType = sourcecode.c.c; path = my_first_compilation.c; sourceTree = "<group>"; };
		2BFF52F22AB8602B00B8267D /* my_first_variable_integer.c */ = {isa = PBXFileReference; lastKnownFileType = sourcecode.c.c; path = my_first_variable_integer.c; sourceTree = "<group>"; };
		2BFF52F52AB8606B00B8267D /* my_first_variable_char.c */ = {isa = PBXFileReference; lastKnownFileType = sourcecode.c.c; path = my_first_variable_char.c; sourceTree = "<group>"; };
		2BFF52F82AB862A500B8267D /* my_first_variable_string.c */ = {isa = PBXFileReference; lastKnownFileType = sourcecode.c.c; path = my_first_variable_string.c; sourceTree = "<group>"; };
		2BFF52FC2AB863F300B8267D /* my_multiple_variables_multiple_type.c */ = {isa = PBXFileReference; lastKnownFileType = sourcecode.c.c; path = my_multiple_variables_multiple_type.c; sourceTree = "<group>"; };
		2BFF53002AB8646400B8267D /* my_first_incrementation.c */ = {isa = PBXFileReference; lastKnownFileType = sourcecode.c.c; path = my_first_incrementation.c; sourceTree = "<group>"; };
		2BFF53032AB8653A00B8267D /* my_first_if_else.c */ = {isa = PBXFileReference; lastKnownFileType = sourcecode.c.c; path = my_first_if_else.c; sourceTree = "<group>"; };
		2BFF53142AB8A07A00B8267D /* my_first_if_multiple_conditions.c */ = {isa = PBXFileReference; lastKnownFileType = sourcecode.c.c; path = my_first_if_multiple_conditions.c; sourceTree = "<group>"; };
		2BFF53182AB9C01C00B8267D /* my_first_function.c */ = {isa = PBXFileReference; lastKnownFileType = sourcecode.c.c; path = my_first_function.c; sourceTree = "<group>"; };
		2BFF531B2AB9C13800B8267D /* my_first_while.c */ = {isa = PBXFileReference; lastKnownFileType = sourcecode.c.c; path = my_first_while.c; sourceTree = "<group>"; };
		2BFF531E2AB9C1F700B8267D /* my_first_param_function.c */ = {isa = PBXFileReference; lastKnownFileType = sourcecode.c.c; path = my_first_param_function.c; sourceTree = "<group>"; };
		2BFF53212AB9C81500B8267D /* my_first_return_function.c */ = {isa = PBXFileReference; lastKnownFileType = sourcecode.c.c; path = my_first_return_function.c; sourceTree = "<group>"; };
		2BFF53242AB9D32100B8267D /* my_is_negative.c */ = {isa = PBXFileReference; lastKnownFileType = sourcecode.c.c; path = my_is_negative.c; sourceTree = "<group>"; };
		2BFF53272AB9D84D00B8267D /* my_abs.c */ = {isa = PBXFileReference; lastKnownFileType = sourcecode.c.c; path = my_abs.c; sourceTree = "<group>"; };
		2BFF532A2AB9E3B100B8267D /* my_isalpha.c */ = {isa = PBXFileReference; lastKnownFileType = sourcecode.c.c; path = my_isalpha.c; sourceTree = "<group>"; };
		2BFF532D2AB9E62B00B8267D /* my_isdigit.c */ = {isa = PBXFileReference; lastKnownFileType = sourcecode.c.c; path = my_isdigit.c; sourceTree = "<group>"; };
		2BFF53302AB9E79000B8267D /* my_islower.c */ = {isa = PBXFileReference; lastKnownFileType = sourcecode.c.c; path = my_islower.c; sourceTree = "<group>"; };
		2BFF53332AB9E89100B8267D /* my_isupper.c */ = {isa = PBXFileReference; lastKnownFileType = sourcecode.c.c; path = my_isupper.c; sourceTree = "<group>"; };
		2BFF53362AB9E90E00B8267D /* my_isspace.c */ = {isa = PBXFileReference; lastKnownFileType = sourcecode.c.c; path = my_isspace.c; sourceTree = "<group>"; };
		2BFF53392AB9EA0400B8267D /* my_print_alphabet.c */ = {isa = PBXFileReference; lastKnownFileType = sourcecode.c.c; path = my_print_alphabet.c; sourceTree = "<group>"; };
		2BFF533C2AB9EAF300B8267D /* my_print_reverse_alphabet.c */ = {isa = PBXFileReference; lastKnownFileType = sourcecode.c.c; path = my_print_reverse_alphabet.c; sourceTree = "<group>"; };
/* End PBXFileReference section */

/* Begin PBXFrameworksBuildPhase section */
		2BFF52E12AB85F8000B8267D /* Frameworks */ = {
			isa = PBXFrameworksBuildPhase;
			buildActionMask = 2147483647;
			files = (
			);
			runOnlyForDeploymentPostprocessing = 0;
		};
/* End PBXFrameworksBuildPhase section */

/* Begin PBXGroup section */
		2BFF52DB2AB85F8000B8267D = {
			isa = PBXGroup;
			children = (
				2BFF533B2AB9EAE600B8267D /* ex20 */,
				2BFF53382AB9E99500B8267D /* ex19 */,
				2BFF53352AB9E90000B8267D /* ex18 */,
				2BFF53322AB9E88000B8267D /* ex17 */,
				2BFF532F2AB9E78200B8267D /* ex16 */,
				2BFF532C2AB9E61B00B8267D /* ex15 */,
				2BFF53292AB9E39900B8267D /* ex14 */,
				2BFF53262AB9D84100B8267D /* ex13 */,
				2BFF53232AB9D31400B8267D /* ex12 */,
				2BFF53202AB9C80900B8267D /* ex11 */,
				2BFF531D2AB9C1DC00B8267D /* ex10 */,
				2BFF531A2AB9C11C00B8267D /* ex09 */,
				2BFF53172AB9BFD400B8267D /* ex08 */,
				2BFF53132AB8A06100B8267D /* ex07 */,
				2BFF53022AB8652D00B8267D /* ex06 */,
				2BFF52FE2AB8644F00B8267D /* ex05 */,
				2BFF52FB2AB863E400B8267D /* ex04 */,
				2BFF52F72AB8627F00B8267D /* ex03 */,
				2BFF52F42AB8604100B8267D /* ex02 */,
				2BFF52F02AB8600C00B8267D /* ex01 */,
				2BFF52E62AB85F8000B8267D /* ex00 */,
				2BFF52E52AB85F8000B8267D /* Products */,
			);
			sourceTree = "<group>";
		};
		2BFF52E52AB85F8000B8267D /* Products */ = {
			isa = PBXGroup;
			children = (
				2BFF52E42AB85F8000B8267D /* Quest01 */,
			);
			name = Products;
			sourceTree = "<group>";
		};
		2BFF52E62AB85F8000B8267D /* ex00 */ = {
			isa = PBXGroup;
			children = (
				2BFF52EE2AB85FF500B8267D /* my_first_compilation.c */,
			);
			path = ex00;
			sourceTree = "<group>";
		};
		2BFF52F02AB8600C00B8267D /* ex01 */ = {
			isa = PBXGroup;
			children = (
				2BFF52F22AB8602B00B8267D /* my_first_variable_integer.c */,
			);
			path = ex01;
			sourceTree = "<group>";
		};
		2BFF52F42AB8604100B8267D /* ex02 */ = {
			isa = PBXGroup;
			children = (
				2BFF52F52AB8606B00B8267D /* my_first_variable_char.c */,
			);
			path = ex02;
			sourceTree = "<group>";
		};
		2BFF52F72AB8627F00B8267D /* ex03 */ = {
			isa = PBXGroup;
			children = (
				2BFF52F82AB862A500B8267D /* my_first_variable_string.c */,
			);
			path = ex03;
			sourceTree = "<group>";
		};
		2BFF52FB2AB863E400B8267D /* ex04 */ = {
			isa = PBXGroup;
			children = (
				2BFF52FC2AB863F300B8267D /* my_multiple_variables_multiple_type.c */,
			);
			path = ex04;
			sourceTree = "<group>";
		};
		2BFF52FE2AB8644F00B8267D /* ex05 */ = {
			isa = PBXGroup;
			children = (
				2BFF53002AB8646400B8267D /* my_first_incrementation.c */,
			);
			path = ex05;
			sourceTree = "<group>";
		};
		2BFF53022AB8652D00B8267D /* ex06 */ = {
			isa = PBXGroup;
			children = (
				2BFF53032AB8653A00B8267D /* my_first_if_else.c */,
			);
			path = ex06;
			sourceTree = "<group>";
		};
		2BFF53132AB8A06100B8267D /* ex07 */ = {
			isa = PBXGroup;
			children = (
				2BFF53142AB8A07A00B8267D /* my_first_if_multiple_conditions.c */,
			);
			path = ex07;
			sourceTree = "<group>";
		};
		2BFF53172AB9BFD400B8267D /* ex08 */ = {
			isa = PBXGroup;
			children = (
				2BFF53182AB9C01C00B8267D /* my_first_function.c */,
			);
			path = ex08;
			sourceTree = "<group>";
		};
		2BFF531A2AB9C11C00B8267D /* ex09 */ = {
			isa = PBXGroup;
			children = (
				2BFF531B2AB9C13800B8267D /* my_first_while.c */,
			);
			path = ex09;
			sourceTree = "<group>";
		};
		2BFF531D2AB9C1DC00B8267D /* ex10 */ = {
			isa = PBXGroup;
			children = (
				2BFF531E2AB9C1F700B8267D /* my_first_param_function.c */,
			);
			path = ex10;
			sourceTree = "<group>";
		};
		2BFF53202AB9C80900B8267D /* ex11 */ = {
			isa = PBXGroup;
			children = (
				2BFF53212AB9C81500B8267D /* my_first_return_function.c */,
			);
			path = ex11;
			sourceTree = "<group>";
		};
		2BFF53232AB9D31400B8267D /* ex12 */ = {
			isa = PBXGroup;
			children = (
				2BFF53242AB9D32100B8267D /* my_is_negative.c */,
			);
			path = ex12;
			sourceTree = "<group>";
		};
		2BFF53262AB9D84100B8267D /* ex13 */ = {
			isa = PBXGroup;
			children = (
				2BFF53272AB9D84D00B8267D /* my_abs.c */,
			);
			path = ex13;
			sourceTree = "<group>";
		};
		2BFF53292AB9E39900B8267D /* ex14 */ = {
			isa = PBXGroup;
			children = (
				2BFF532A2AB9E3B100B8267D /* my_isalpha.c */,
			);
			path = ex14;
			sourceTree = "<group>";
		};
		2BFF532C2AB9E61B00B8267D /* ex15 */ = {
			isa = PBXGroup;
			children = (
				2BFF532D2AB9E62B00B8267D /* my_isdigit.c */,
			);
			path = ex15;
			sourceTree = "<group>";
		};
		2BFF532F2AB9E78200B8267D /* ex16 */ = {
			isa = PBXGroup;
			children = (
				2BFF53302AB9E79000B8267D /* my_islower.c */,
			);
			path = ex16;
			sourceTree = "<group>";
		};
		2BFF53322AB9E88000B8267D /* ex17 */ = {
			isa = PBXGroup;
			children = (
				2BFF53332AB9E89100B8267D /* my_isupper.c */,
			);
			path = ex17;
			sourceTree = "<group>";
		};
		2BFF53352AB9E90000B8267D /* ex18 */ = {
			isa = PBXGroup;
			children = (
				2BFF53362AB9E90E00B8267D /* my_isspace.c */,
			);
			path = ex18;
			sourceTree = "<group>";
		};
		2BFF53382AB9E99500B8267D /* ex19 */ = {
			isa = PBXGroup;
			children = (
				2BFF53392AB9EA0400B8267D /* my_print_alphabet.c */,
			);
			path = ex19;
			sourceTree = "<group>";
		};
		2BFF533B2AB9EAE600B8267D /* ex20 */ = {
			isa = PBXGroup;
			children = (
				2BFF533C2AB9EAF300B8267D /* my_print_reverse_alphabet.c */,
			);
			path = ex20;
			sourceTree = "<group>";
		};
/* End PBXGroup section */

/* Begin PBXNativeTarget section */
		2BFF52E32AB85F8000B8267D /* Quest01 */ = {
			isa = PBXNativeTarget;
			buildConfigurationList = 2BFF52EB2AB85F8000B8267D /* Build configuration list for PBXNativeTarget "Quest01" */;
			buildPhases = (
				2BFF52E02AB85F8000B8267D /* Sources */,
				2BFF52E12AB85F8000B8267D /* Frameworks */,
				2BFF52E22AB85F8000B8267D /* CopyFiles */,
			);
			buildRules = (
			);
			dependencies = (
			);
			name = Quest01;
			productName = Quest01;
			productReference = 2BFF52E42AB85F8000B8267D /* Quest01 */;
			productType = "com.apple.product-type.tool";
		};
/* End PBXNativeTarget section */

/* Begin PBXProject section */
		2BFF52DC2AB85F8000B8267D /* Project object */ = {
			isa = PBXProject;
			attributes = {
				BuildIndependentTargetsInParallel = 1;
				LastUpgradeCheck = 1430;
				TargetAttributes = {
					2BFF52E32AB85F8000B8267D = {
						CreatedOnToolsVersion = 14.3.1;
					};
				};
			};
			buildConfigurationList = 2BFF52DF2AB85F8000B8267D /* Build configuration list for PBXProject "Quest01" */;
			compatibilityVersion = "Xcode 14.0";
			developmentRegion = en;
			hasScannedForEncodings = 0;
			knownRegions = (
				en,
				Base,
			);
			mainGroup = 2BFF52DB2AB85F8000B8267D;
			productRefGroup = 2BFF52E52AB85F8000B8267D /* Products */;
			projectDirPath = "";
			projectRoot = "";
			targets = (
				2BFF52E32AB85F8000B8267D /* Quest01 */,
			);
		};
/* End PBXProject section */

/* Begin PBXSourcesBuildPhase section */
		2BFF52E02AB85F8000B8267D /* Sources */ = {
			isa = PBXSourcesBuildPhase;
			buildActionMask = 2147483647;
			files = (
				2BFF53282AB9D84D00B8267D /* my_abs.c in Sources */,
				2BFF532B2AB9E3B100B8267D /* my_isalpha.c in Sources */,
				2BFF531F2AB9C1F700B8267D /* my_first_param_function.c in Sources */,
				2BFF52F62AB8606B00B8267D /* my_first_variable_char.c in Sources */,
				2BFF533D2AB9EAF300B8267D /* my_print_reverse_alphabet.c in Sources */,
				2BFF52EF2AB85FF500B8267D /* my_first_compilation.c in Sources */,
				2BFF53312AB9E79000B8267D /* my_islower.c in Sources */,
				2BFF52F32AB8602B00B8267D /* my_first_variable_integer.c in Sources */,
				2BFF53222AB9C81500B8267D /* my_first_return_function.c in Sources */,
				2BFF53342AB9E89100B8267D /* my_isupper.c in Sources */,
				2BFF53152AB8A07A00B8267D /* my_first_if_multiple_conditions.c in Sources */,
				2BFF53372AB9E90E00B8267D /* my_isspace.c in Sources */,
				2BFF531C2AB9C13800B8267D /* my_first_while.c in Sources */,
				2BFF52F92AB862A500B8267D /* my_first_variable_string.c in Sources */,
				2BFF53252AB9D32100B8267D /* my_is_negative.c in Sources */,
				2BFF53042AB8653A00B8267D /* my_first_if_else.c in Sources */,
				2BFF53192AB9C01C00B8267D /* my_first_function.c in Sources */,
				2BFF53012AB8646400B8267D /* my_first_incrementation.c in Sources */,
				2BFF52FD2AB863F300B8267D /* my_multiple_variables_multiple_type.c in Sources */,
				2BFF533A2AB9EA0400B8267D /* my_print_alphabet.c in Sources */,
				2BFF532E2AB9E62B00B8267D /* my_isdigit.c in Sources */,
			);
			runOnlyForDeploymentPostprocessing = 0;
		};
/* End PBXSourcesBuildPhase section */

/* Begin XCBuildConfiguration section */
		2BFF52E92AB85F8000B8267D /* Debug */ = {
			isa = XCBuildConfiguration;
			buildSettings = {
				ALWAYS_SEARCH_USER_PATHS = NO;
				CLANG_ANALYZER_NONNULL = YES;
				CLANG_ANALYZER_NUMBER_OBJECT_CONVERSION = YES_AGGRESSIVE;
				CLANG_CXX_LANGUAGE_STANDARD = "gnu++20";
				CLANG_ENABLE_MODULES = YES;
				CLANG_ENABLE_OBJC_ARC = YES;
				CLANG_ENABLE_OBJC_WEAK = YES;
				CLANG_WARN_BLOCK_CAPTURE_AUTORELEASING = YES;
				CLANG_WARN_BOOL_CONVERSION = YES;
				CLANG_WARN_COMMA = YES;
				CLANG_WARN_CONSTANT_CONVERSION = YES;
				CLANG_WARN_DEPRECATED_OBJC_IMPLEMENTATIONS = YES;
				CLANG_WARN_DIRECT_OBJC_ISA_USAGE = YES_ERROR;
				CLANG_WARN_DOCUMENTATION_COMMENTS = YES;
				CLANG_WARN_EMPTY_BODY = YES;
				CLANG_WARN_ENUM_CONVERSION = YES;
				CLANG_WARN_INFINITE_RECURSION = YES;
				CLANG_WARN_INT_CONVERSION = YES;
				CLANG_WARN_NON_LITERAL_NULL_CONVERSION = YES;
				CLANG_WARN_OBJC_IMPLICIT_RETAIN_SELF = YES;
				CLANG_WARN_OBJC_LITERAL_CONVERSION = YES;
				CLANG_WARN_OBJC_ROOT_CLASS = YES_ERROR;
				CLANG_WARN_QUOTED_INCLUDE_IN_FRAMEWORK_HEADER = YES;
				CLANG_WARN_RANGE_LOOP_ANALYSIS = YES;
				CLANG_WARN_STRICT_PROTOTYPES = YES;
				CLANG_WARN_SUSPICIOUS_MOVE = YES;
				CLANG_WARN_UNGUARDED_AVAILABILITY = YES_AGGRESSIVE;
				CLANG_WARN_UNREACHABLE_CODE = YES;
				CLANG_WARN__DUPLICATE_METHOD_MATCH = YES;
				COPY_PHASE_STRIP = NO;
				DEBUG_INFORMATION_FORMAT = dwarf;
				ENABLE_STRICT_OBJC_MSGSEND = YES;
				ENABLE_TESTABILITY = YES;
				GCC_C_LANGUAGE_STANDARD = gnu11;
				GCC_DYNAMIC_NO_PIC = NO;
				GCC_NO_COMMON_BLOCKS = YES;
				GCC_OPTIMIZATION_LEVEL = 0;
				GCC_PREPROCESSOR_DEFINITIONS = (
					"DEBUG=1",
					"$(inherited)",
				);
				GCC_WARN_64_TO_32_BIT_CONVERSION = YES;
				GCC_WARN_ABOUT_RETURN_TYPE = YES_ERROR;
				GCC_WARN_UNDECLARED_SELECTOR = YES;
				GCC_WARN_UNINITIALIZED_AUTOS = YES_AGGRESSIVE;
				GCC_WARN_UNUSED_FUNCTION = YES;
				GCC_WARN_UNUSED_VARIABLE = YES;
				MACOSX_DEPLOYMENT_TARGET = 13.3;
				MTL_ENABLE_DEBUG_INFO = INCLUDE_SOURCE;
				MTL_FAST_MATH = YES;
				ONLY_ACTIVE_ARCH = YES;
				SDKROOT = macosx;
			};
			name = Debug;
		};
		2BFF52EA2AB85F8000B8267D /* Release */ = {
			isa = XCBuildConfiguration;
			buildSettings = {
				ALWAYS_SEARCH_USER_PATHS = NO;
				CLANG_ANALYZER_NONNULL = YES;
				CLANG_ANALYZER_NUMBER_OBJECT_CONVERSION = YES_AGGRESSIVE;
				CLANG_CXX_LANGUAGE_STANDARD = "gnu++20";
				CLANG_ENABLE_MODULES = YES;
				CLANG_ENABLE_OBJC_ARC = YES;
				CLANG_ENABLE_OBJC_WEAK = YES;
				CLANG_WARN_BLOCK_CAPTURE_AUTORELEASING = YES;
				CLANG_WARN_BOOL_CONVERSION = YES;
				CLANG_WARN_COMMA = YES;
				CLANG_WARN_CONSTANT_CONVERSION = YES;
				CLANG_WARN_DEPRECATED_OBJC_IMPLEMENTATIONS = YES;
				CLANG_WARN_DIRECT_OBJC_ISA_USAGE = YES_ERROR;
				CLANG_WARN_DOCUMENTATION_COMMENTS = YES;
				CLANG_WARN_EMPTY_BODY = YES;
				CLANG_WARN_ENUM_CONVERSION = YES;
				CLANG_WARN_INFINITE_RECURSION = YES;
				CLANG_WARN_INT_CONVERSION = YES;
				CLANG_WARN_NON_LITERAL_NULL_CONVERSION = YES;
				CLANG_WARN_OBJC_IMPLICIT_RETAIN_SELF = YES;
				CLANG_WARN_OBJC_LITERAL_CONVERSION = YES;
				CLANG_WARN_OBJC_ROOT_CLASS = YES_ERROR;
				CLANG_WARN_QUOTED_INCLUDE_IN_FRAMEWORK_HEADER = YES;
				CLANG_WARN_RANGE_LOOP_ANALYSIS = YES;
				CLANG_WARN_STRICT_PROTOTYPES = YES;
				CLANG_WARN_SUSPICIOUS_MOVE = YES;
				CLANG_WARN_UNGUARDED_AVAILABILITY = YES_AGGRESSIVE;
				CLANG_WARN_UNREACHABLE_CODE = YES;
				CLANG_WARN__DUPLICATE_METHOD_MATCH = YES;
				COPY_PHASE_STRIP = NO;
				DEBUG_INFORMATION_FORMAT = "dwarf-with-dsym";
				ENABLE_NS_ASSERTIONS = NO;
				ENABLE_STRICT_OBJC_MSGSEND = YES;
				GCC_C_LANGUAGE_STANDARD = gnu11;
				GCC_NO_COMMON_BLOCKS = YES;
				GCC_WARN_64_TO_32_BIT_CONVERSION = YES;
				GCC_WARN_ABOUT_RETURN_TYPE = YES_ERROR;
				GCC_WARN_UNDECLARED_SELECTOR = YES;
				GCC_WARN_UNINITIALIZED_AUTOS = YES_AGGRESSIVE;
				GCC_WARN_UNUSED_FUNCTION = YES;
				GCC_WARN_UNUSED_VARIABLE = YES;
				MACOSX_DEPLOYMENT_TARGET = 13.3;
				MTL_ENABLE_DEBUG_INFO = NO;
				MTL_FAST_MATH = YES;
				SDKROOT = macosx;
			};
			name = Release;
		};
		2BFF52EC2AB85F8000B8267D /* Debug */ = {
			isa = XCBuildConfiguration;
			buildSettings = {
				CODE_SIGN_STYLE = Automatic;
				PRODUCT_NAME = "$(TARGET_NAME)";
			};
			name = Debug;
		};
		2BFF52ED2AB85F8000B8267D /* Release */ = {
			isa = XCBuildConfiguration;
			buildSettings = {
				CODE_SIGN_STYLE = Automatic;
				PRODUCT_NAME = "$(TARGET_NAME)";
			};
			name = Release;
		};
/* End XCBuildConfiguration section */

/* Begin XCConfigurationList section */
		2BFF52DF2AB85F8000B8267D /* Build configuration list for PBXProject "Quest01" */ = {
			isa = XCConfigurationList;
			buildConfigurations = (
				2BFF52E92AB85F8000B8267D /* Debug */,
				2BFF52EA2AB85F8000B8267D /* Release */,
			);
			defaultConfigurationIsVisible = 0;
			defaultConfigurationName = Release;
		};
		2BFF52EB2AB85F8000B8267D /* Build configuration list for PBXNativeTarget "Quest01" */ = {
			isa = XCConfigurationList;
			buildConfigurations = (
				2BFF52EC2AB85F8000B8267D /* Debug */,
				2BFF52ED2AB85F8000B8267D /* Release */,
			);
			defaultConfigurationIsVisible = 0;
			defaultConfigurationName = Release;
		};
/* End XCConfigurationList section */
	};
	rootObject = 2BFF52DC2AB85F8000B8267D /* Project object */;
}
